
Microsoft Visual Studio Solution File, Format Version 12.00
# Visual Studio 15
VisualStudioVersion = 15.0.28010.2026
MinimumVisualStudioVersion = 10.0.40219.1
Project("{2150E333-8FDC-42A3-9474-1A3956D46DE8}") = "App", "App", "{5167EFEE-146B-445F-8E6C-3EE0A76A822D}"
EndProject
Project("{2150E333-8FDC-42A3-9474-1A3956D46DE8}") = "Test", "Test", "{E1EE3B94-2FBD-418D-918D-742C02B5DAA7}"
EndProject
Project("{2150E333-8FDC-42A3-9474-1A3956D46DE8}") = "1. Apresentação", "1. Apresentação", "{8E6DD57A-87D2-4D26-98C6-E30FE487CB8A}"
EndProject
Project("{2150E333-8FDC-42A3-9474-1A3956D46DE8}") = "2. Aplicação", "2. Aplicação", "{C6F3E989-CA49-4A97-9605-A73E6DBCC3D7}"
EndProject
Project("{2150E333-8FDC-42A3-9474-1A3956D46DE8}") = "3. Serviço", "3. Serviço", "{7075CB81-8DC8-48CE-A3B2-CEFAE3C99E35}"
EndProject
Project("{2150E333-8FDC-42A3-9474-1A3956D46DE8}") = "4. Domínio", "4. Domínio", "{143392C8-13E3-40AA-8B56-61754E3EA998}"
EndProject
Project("{2150E333-8FDC-42A3-9474-1A3956D46DE8}") = "5. Infraestrutura", "5. Infraestrutura", "{69102391-F50F-4B75-9F02-D5DD516ED1B7}"
EndProject
Project("{2150E333-8FDC-42A3-9474-1A3956D46DE8}") = "5.1. Dados", "5.1. Dados", "{D50613CE-CB52-490D-B5F6-441A78089612}"
EndProject
Project("{2150E333-8FDC-42A3-9474-1A3956D46DE8}") = "5.2. Transversal", "5.2. Transversal", "{B58D3F5B-067A-422C-BA9D-2122F9EAA812}"
EndProject
Project("{2150E333-8FDC-42A3-9474-1A3956D46DE8}") = "1. Apresentação", "1. Apresentação", "{AF2CEAA9-C797-45C1-9382-78489F310B15}"
EndProject
Project("{2150E333-8FDC-42A3-9474-1A3956D46DE8}") = "2. Aplicação", "2. Aplicação", "{F669E313-B48B-4771-8291-606BD35113E6}"
EndProject
Project("{2150E333-8FDC-42A3-9474-1A3956D46DE8}") = "3. Serviço", "3. Serviço", "{7B22D7DD-18DF-4E48-ADA7-60C65E3F827F}"
EndProject
Project("{2150E333-8FDC-42A3-9474-1A3956D46DE8}") = "4. Domínio", "4. Domínio", "{D4585892-65A5-40EA-ADF0-DF74CFBB4449}"
EndProject
Project("{2150E333-8FDC-42A3-9474-1A3956D46DE8}") = "5. Infraestrutura", "5. Infraestrutura", "{AC830A83-8DD1-4C32-8691-7D0FF840E6D0}"
EndProject
Project("{FAE04EC0-301F-11D3-BF4B-00C04F79EFBC}") = "SupplierCompany.Dominio", "App\SupplierCompany.Dominio\SupplierCompany.Dominio.csproj", "{AFF7F541-2DC2-446C-9EFF-A07E9667E5C9}"
EndProject
Global
	GlobalSection(SolutionConfigurationPlatforms) = preSolution
		Debug|Any CPU = Debug|Any CPU
		Release|Any CPU = Release|Any CPU
	EndGlobalSection
	GlobalSection(ProjectConfigurationPlatforms) = postSolution
		{AFF7F541-2DC2-446C-9EFF-A07E9667E5C9}.Debug|Any CPU.ActiveCfg = Debug|Any CPU
		{AFF7F541-2DC2-446C-9EFF-A07E9667E5C9}.Debug|Any CPU.Build.0 = Debug|Any CPU
		{AFF7F541-2DC2-446C-9EFF-A07E9667E5C9}.Release|Any CPU.ActiveCfg = Release|Any CPU
		{AFF7F541-2DC2-446C-9EFF-A07E9667E5C9}.Release|Any CPU.Build.0 = Release|Any CPU
	EndGlobalSection
	GlobalSection(SolutionProperties) = preSolution
		HideSolutionNode = FALSE
	EndGlobalSection
	GlobalSection(NestedProjects) = preSolution
		{8E6DD57A-87D2-4D26-98C6-E30FE487CB8A} = {5167EFEE-146B-445F-8E6C-3EE0A76A822D}
		{C6F3E989-CA49-4A97-9605-A73E6DBCC3D7} = {5167EFEE-146B-445F-8E6C-3EE0A76A822D}
		{7075CB81-8DC8-48CE-A3B2-CEFAE3C99E35} = {5167EFEE-146B-445F-8E6C-3EE0A76A822D}
		{143392C8-13E3-40AA-8B56-61754E3EA998} = {5167EFEE-146B-445F-8E6C-3EE0A76A822D}
		{69102391-F50F-4B75-9F02-D5DD516ED1B7} = {5167EFEE-146B-445F-8E6C-3EE0A76A822D}
		{D50613CE-CB52-490D-B5F6-441A78089612} = {69102391-F50F-4B75-9F02-D5DD516ED1B7}
		{B58D3F5B-067A-422C-BA9D-2122F9EAA812} = {69102391-F50F-4B75-9F02-D5DD516ED1B7}
		{AF2CEAA9-C797-45C1-9382-78489F310B15} = {E1EE3B94-2FBD-418D-918D-742C02B5DAA7}
		{F669E313-B48B-4771-8291-606BD35113E6} = {E1EE3B94-2FBD-418D-918D-742C02B5DAA7}
		{7B22D7DD-18DF-4E48-ADA7-60C65E3F827F} = {E1EE3B94-2FBD-418D-918D-742C02B5DAA7}
		{D4585892-65A5-40EA-ADF0-DF74CFBB4449} = {E1EE3B94-2FBD-418D-918D-742C02B5DAA7}
		{AC830A83-8DD1-4C32-8691-7D0FF840E6D0} = {E1EE3B94-2FBD-418D-918D-742C02B5DAA7}
		{AFF7F541-2DC2-446C-9EFF-A07E9667E5C9} = {143392C8-13E3-40AA-8B56-61754E3EA998}
	EndGlobalSection
	GlobalSection(ExtensibilityGlobals) = postSolution
		SolutionGuid = {F7DA3830-FC56-4CA9-95C7-990428AACBEE}
	EndGlobalSection
EndGlobal
